
Microsoft Visual Studio Solution File, Format Version 12.00
# Visual Studio 15
VisualStudioVersion = 15.0.28307.779
MinimumVisualStudioVersion = 10.0.40219.1
Project("{FAE04EC0-301F-11D3-BF4B-00C04F79EFBC}") = "WinAsynchMethodHelpProviderFile", "WinAsynchMethodHelpProviderFile\WinAsynchMethodHelpProviderFile.csproj", "{0B5B52B2-89C4-48DC-BEB7-953A71B60347}"
EndProject
Global
	GlobalSection(SolutionConfigurationPlatforms) = preSolution
		Debug|Any CPU = Debug|Any CPU
		Release|Any CPU = Release|Any CPU
	EndGlobalSection
	GlobalSection(ProjectConfigurationPlatforms) = postSolution
		{0B5B52B2-89C4-48DC-BEB7-953A71B60347}.Debug|Any CPU.ActiveCfg = Debug|Any CPU
		{0B5B52B2-89C4-48DC-BEB7-953A71B60347}.Debug|Any CPU.Build.0 = Debug|Any CPU
		{0B5B52B2-89C4-48DC-BEB7-953A71B60347}.Release|Any CPU.ActiveCfg = Release|Any CPU
		{0B5B52B2-89C4-48DC-BEB7-953A71B60347}.Release|Any CPU.Build.0 = Release|Any CPU
	EndGlobalSection
	GlobalSection(SolutionProperties) = preSolution
		HideSolutionNode = FALSE
	EndGlobalSection
	GlobalSection(ExtensibilityGlobals) = postSolution
		SolutionGuid = {13BE553E-CA2B-4845-B9C8-AFAC1B4C9E3E}
	EndGlobalSection
EndGlobal
