
Microsoft Visual Studio Solution File, Format Version 12.00
# Visual Studio 15
VisualStudioVersion = 15.0.28307.779
MinimumVisualStudioVersion = 10.0.40219.1
Project("{FAE04EC0-301F-11D3-BF4B-00C04F79EFBC}") = "WinBD2", "WinBD2\WinBD2.csproj", "{B06E194C-048A-4B8E-A3D7-BDCD0D15BF4F}"
EndProject
Global
	GlobalSection(SolutionConfigurationPlatforms) = preSolution
		Debug|Any CPU = Debug|Any CPU
		Release|Any CPU = Release|Any CPU
	EndGlobalSection
	GlobalSection(ProjectConfigurationPlatforms) = postSolution
		{B06E194C-048A-4B8E-A3D7-BDCD0D15BF4F}.Debug|Any CPU.ActiveCfg = Debug|Any CPU
		{B06E194C-048A-4B8E-A3D7-BDCD0D15BF4F}.Debug|Any CPU.Build.0 = Debug|Any CPU
		{B06E194C-048A-4B8E-A3D7-BDCD0D15BF4F}.Release|Any CPU.ActiveCfg = Release|Any CPU
		{B06E194C-048A-4B8E-A3D7-BDCD0D15BF4F}.Release|Any CPU.Build.0 = Release|Any CPU
	EndGlobalSection
	GlobalSection(SolutionProperties) = preSolution
		HideSolutionNode = FALSE
	EndGlobalSection
	GlobalSection(ExtensibilityGlobals) = postSolution
		SolutionGuid = {A04C2F99-2999-48E8-BBE3-E22345EC7CEE}
	EndGlobalSection
EndGlobal
